
Microsoft Visual Studio Solution File, Format Version 12.00
# Visual Studio Version 17
VisualStudioVersion = 17.2.32602.215
MinimumVisualStudioVersion = 10.0.40219.1
Project("{FAE04EC0-301F-11D3-BF4B-00C04F79EFBC}") = "C32DapperDemo", "C32DapperDemo\C32DapperDemo.csproj", "{68903EBD-CE22-4288-8E54-8D1B4C90C996}"
EndProject
Global
	GlobalSection(SolutionConfigurationPlatforms) = preSolution
		Debug|Any CPU = Debug|Any CPU
		Release|Any CPU = Release|Any CPU
	EndGlobalSection
	GlobalSection(ProjectConfigurationPlatforms) = postSolution
		{68903EBD-CE22-4288-8E54-8D1B4C90C996}.Debug|Any CPU.ActiveCfg = Debug|Any CPU
		{68903EBD-CE22-4288-8E54-8D1B4C90C996}.Debug|Any CPU.Build.0 = Debug|Any CPU
		{68903EBD-CE22-4288-8E54-8D1B4C90C996}.Release|Any CPU.ActiveCfg = Release|Any CPU
		{68903EBD-CE22-4288-8E54-8D1B4C90C996}.Release|Any CPU.Build.0 = Release|Any CPU
	EndGlobalSection
	GlobalSection(SolutionProperties) = preSolution
		HideSolutionNode = FALSE
	EndGlobalSection
	GlobalSection(ExtensibilityGlobals) = postSolution
		SolutionGuid = {5ECE6EE6-7E9C-42CE-967E-E4A2C13BE2AC}
	EndGlobalSection
EndGlobal
